
Microsoft Visual Studio Solution File, Format Version 12.00
# Visual Studio Version 16
VisualStudioVersion = 16.0.30907.101
MinimumVisualStudioVersion = 10.0.40219.1
Project("{888888A0-9F3D-457C-B088-3A5042F75D52}") = "LearningPython", "LearningPython\LearningPython.pyproj", "{02872A6A-E624-4B95-8A71-32453F9E421C}"
EndProject
Global
	GlobalSection(SolutionConfigurationPlatforms) = preSolution
		Debug|Any CPU = Debug|Any CPU
		Release|Any CPU = Release|Any CPU
	EndGlobalSection
	GlobalSection(ProjectConfigurationPlatforms) = postSolution
		{02872A6A-E624-4B95-8A71-32453F9E421C}.Debug|Any CPU.ActiveCfg = Debug|Any CPU
		{02872A6A-E624-4B95-8A71-32453F9E421C}.Release|Any CPU.ActiveCfg = Release|Any CPU
	EndGlobalSection
	GlobalSection(SolutionProperties) = preSolution
		HideSolutionNode = FALSE
	EndGlobalSection
	GlobalSection(ExtensibilityGlobals) = postSolution
		SolutionGuid = {C73ED1F4-CDB9-432C-B6CD-695CBD0A94C0}
	EndGlobalSection
EndGlobal
